// !$*UTF8*$!
{
	archiveVersion = 1;
	classes = {
	};
	objectVersion = 56;
	objects = {

/* Begin PBXBuildFile section */
		2BCA69742C9953E300EACCF0 /* ServiceStatus.swift in Sources */ = {isa = PBXBuildFile; fileRef = 2BCA69732C9953E300EACCF0 /* ServiceStatus.swift */; };
		2BF6FAE12C979A47000CA31E /* main.swift in Sources */ = {isa = PBXBuildFile; fileRef = 2BF6FAE02C979A47000CA31E /* main.swift */; };
		2BF6FAEB2C979C91000CA31E /* IsPurchasable.swift in Sources */ = {isa = PBXBuildFile; fileRef = 2BF6FAEA2C979C91000CA31E /* IsPurchasable.swift */; };
		2BF6FAED2C979CDC000CA31E /* Service.swift in Sources */ = {isa = PBXBuildFile; fileRef = 2BF6FAEC2C979CDC000CA31E /* Service.swift */; };
		2BF6FAEF2C979CF8000CA31E /* FitnessClass.swift in Sources */ = {isa = PBXBuildFile; fileRef = 2BF6FAEE2C979CF8000CA31E /* FitnessClass.swift */; };
		2BF6FAF12C979D15000CA31E /* PersonalTraining.swift in Sources */ = {isa = PBXBuildFile; fileRef = 2BF6FAF02C979D15000CA31E /* PersonalTraining.swift */; };
		2BF6FAF32C979D35000CA31E /* GymMember.swift in Sources */ = {isa = PBXBuildFile; fileRef = 2BF6FAF22C979D35000CA31E /* GymMember.swift */; };
		2BF6FAF52C979D9D000CA31E /* Gym.swift in Sources */ = {isa = PBXBuildFile; fileRef = 2BF6FAF42C979D9D000CA31E /* Gym.swift */; };
/* End PBXBuildFile section */

/* Begin PBXCopyFilesBuildPhase section */
		2BF6FADB2C979A47000CA31E /* CopyFiles */ = {
			isa = PBXCopyFilesBuildPhase;
			buildActionMask = 2147483647;
			dstPath = /usr/share/man/man1/;
			dstSubfolderSpec = 0;
			files = (
			);
			runOnlyForDeploymentPostprocessing = 1;
		};
/* End PBXCopyFilesBuildPhase section */

/* Begin PBXFileReference section */
		2BCA69732C9953E300EACCF0 /* ServiceStatus.swift */ = {isa = PBXFileReference; lastKnownFileType = sourcecode.swift; path = ServiceStatus.swift; sourceTree = "<group>"; };
		2BF6FADD2C979A47000CA31E /* Group04_Gym */ = {isa = PBXFileReference; explicitFileType = "compiled.mach-o.executable"; includeInIndex = 0; path = Group04_Gym; sourceTree = BUILT_PRODUCTS_DIR; };
		2BF6FAE02C979A47000CA31E /* main.swift */ = {isa = PBXFileReference; lastKnownFileType = sourcecode.swift; path = main.swift; sourceTree = "<group>"; };
		2BF6FAEA2C979C91000CA31E /* IsPurchasable.swift */ = {isa = PBXFileReference; lastKnownFileType = sourcecode.swift; path = IsPurchasable.swift; sourceTree = "<group>"; };
		2BF6FAEC2C979CDC000CA31E /* Service.swift */ = {isa = PBXFileReference; lastKnownFileType = sourcecode.swift; path = Service.swift; sourceTree = "<group>"; };
		2BF6FAEE2C979CF8000CA31E /* FitnessClass.swift */ = {isa = PBXFileReference; lastKnownFileType = sourcecode.swift; path = FitnessClass.swift; sourceTree = "<group>"; };
		2BF6FAF02C979D15000CA31E /* PersonalTraining.swift */ = {isa = PBXFileReference; lastKnownFileType = sourcecode.swift; path = PersonalTraining.swift; sourceTree = "<group>"; };
		2BF6FAF22C979D35000CA31E /* GymMember.swift */ = {isa = PBXFileReference; lastKnownFileType = sourcecode.swift; path = GymMember.swift; sourceTree = "<group>"; };
		2BF6FAF42C979D9D000CA31E /* Gym.swift */ = {isa = PBXFileReference; lastKnownFileType = sourcecode.swift; path = Gym.swift; sourceTree = "<group>"; };
/* End PBXFileReference section */

/* Begin PBXFrameworksBuildPhase section */
		2BF6FADA2C979A47000CA31E /* Frameworks */ = {
			isa = PBXFrameworksBuildPhase;
			buildActionMask = 2147483647;
			files = (
			);
			runOnlyForDeploymentPostprocessing = 0;
		};
/* End PBXFrameworksBuildPhase section */

/* Begin PBXGroup section */
		2B5A7C432C9B9B5A00F9D578 /* user */ = {
			isa = PBXGroup;
			children = (
				2BF6FAF22C979D35000CA31E /* GymMember.swift */,
			);
			path = user;
			sourceTree = "<group>";
		};
		2B5A7C442C9B9B7700F9D578 /* service */ = {
			isa = PBXGroup;
			children = (
				2BF6FAEC2C979CDC000CA31E /* Service.swift */,
				2BF6FAEE2C979CF8000CA31E /* FitnessClass.swift */,
				2BF6FAF02C979D15000CA31E /* PersonalTraining.swift */,
			);
			path = service;
			sourceTree = "<group>";
		};
		2B5A7C452C9BA63000F9D578 /* gym */ = {
			isa = PBXGroup;
			children = (
				2BF6FAF42C979D9D000CA31E /* Gym.swift */,
			);
			path = gym;
			sourceTree = "<group>";
		};
		2BCA69722C9953C900EACCF0 /* utils */ = {
			isa = PBXGroup;
			children = (
				2BCA69732C9953E300EACCF0 /* ServiceStatus.swift */,
			);
			path = utils;
			sourceTree = "<group>";
		};
		2BF6FAD42C979A47000CA31E = {
			isa = PBXGroup;
			children = (
				2BF6FADF2C979A47000CA31E /* Group04_Gym */,
				2BF6FADE2C979A47000CA31E /* Products */,
			);
			sourceTree = "<group>";
		};
		2BF6FADE2C979A47000CA31E /* Products */ = {
			isa = PBXGroup;
			children = (
				2BF6FADD2C979A47000CA31E /* Group04_Gym */,
			);
			name = Products;
			sourceTree = "<group>";
		};
		2BF6FADF2C979A47000CA31E /* Group04_Gym */ = {
			isa = PBXGroup;
			children = (
				2BCA69722C9953C900EACCF0 /* utils */,
				2BF6FAE92C979C71000CA31E /* protocols */,
				2BF6FAE82C979C4B000CA31E /* models */,
				2BF6FAE02C979A47000CA31E /* main.swift */,
			);
			path = Group04_Gym;
			sourceTree = "<group>";
		};
		2BF6FAE82C979C4B000CA31E /* models */ = {
			isa = PBXGroup;
			children = (
				2B5A7C452C9BA63000F9D578 /* gym */,
				2B5A7C432C9B9B5A00F9D578 /* user */,
				2B5A7C442C9B9B7700F9D578 /* service */,
			);
			path = models;
			sourceTree = "<group>";
		};
		2BF6FAE92C979C71000CA31E /* protocols */ = {
			isa = PBXGroup;
			children = (
				2BF6FAEA2C979C91000CA31E /* IsPurchasable.swift */,
			);
			path = protocols;
			sourceTree = "<group>";
		};
/* End PBXGroup section */

/* Begin PBXNativeTarget section */
		2BF6FADC2C979A47000CA31E /* Group04_Gym */ = {
			isa = PBXNativeTarget;
			buildConfigurationList = 2BF6FAE42C979A47000CA31E /* Build configuration list for PBXNativeTarget "Group04_Gym" */;
			buildPhases = (
				2BF6FAD92C979A47000CA31E /* Sources */,
				2BF6FADA2C979A47000CA31E /* Frameworks */,
				2BF6FADB2C979A47000CA31E /* CopyFiles */,
			);
			buildRules = (
			);
			dependencies = (
			);
			name = Group04_Gym;
			productName = Group04_Gym;
			productReference = 2BF6FADD2C979A47000CA31E /* Group04_Gym */;
			productType = "com.apple.product-type.tool";
		};
/* End PBXNativeTarget section */

/* Begin PBXProject section */
		2BF6FAD52C979A47000CA31E /* Project object */ = {
			isa = PBXProject;
			attributes = {
				BuildIndependentTargetsInParallel = 1;
				LastSwiftUpdateCheck = 1540;
				LastUpgradeCheck = 1540;
				TargetAttributes = {
					2BF6FADC2C979A47000CA31E = {
						CreatedOnToolsVersion = 15.4;
					};
				};
			};
			buildConfigurationList = 2BF6FAD82C979A47000CA31E /* Build configuration list for PBXProject "Group04_Gym" */;
			compatibilityVersion = "Xcode 14.0";
			developmentRegion = en;
			hasScannedForEncodings = 0;
			knownRegions = (
				en,
				Base,
			);
			mainGroup = 2BF6FAD42C979A47000CA31E;
			productRefGroup = 2BF6FADE2C979A47000CA31E /* Products */;
			projectDirPath = "";
			projectRoot = "";
			targets = (
				2BF6FADC2C979A47000CA31E /* Group04_Gym */,
			);
		};
/* End PBXProject section */

/* Begin PBXSourcesBuildPhase section */
		2BF6FAD92C979A47000CA31E /* Sources */ = {
			isa = PBXSourcesBuildPhase;
			buildActionMask = 2147483647;
			files = (
				2BF6FAEB2C979C91000CA31E /* IsPurchasable.swift in Sources */,
				2BF6FAF32C979D35000CA31E /* GymMember.swift in Sources */,
				2BCA69742C9953E300EACCF0 /* ServiceStatus.swift in Sources */,
				2BF6FAF12C979D15000CA31E /* PersonalTraining.swift in Sources */,
				2BF6FAE12C979A47000CA31E /* main.swift in Sources */,
				2BF6FAF52C979D9D000CA31E /* Gym.swift in Sources */,
				2BF6FAED2C979CDC000CA31E /* Service.swift in Sources */,
				2BF6FAEF2C979CF8000CA31E /* FitnessClass.swift in Sources */,
			);
			runOnlyForDeploymentPostprocessing = 0;
		};
/* End PBXSourcesBuildPhase section */

/* Begin XCBuildConfiguration section */
		2BF6FAE22C979A47000CA31E /* Debug */ = {
			isa = XCBuildConfiguration;
			buildSettings = {
				ALWAYS_SEARCH_USER_PATHS = NO;
				ASSETCATALOG_COMPILER_GENERATE_SWIFT_ASSET_SYMBOL_EXTENSIONS = YES;
				CLANG_ANALYZER_NONNULL = YES;
				CLANG_ANALYZER_NUMBER_OBJECT_CONVERSION = YES_AGGRESSIVE;
				CLANG_CXX_LANGUAGE_STANDARD = "gnu++20";
				CLANG_ENABLE_MODULES = YES;
				CLANG_ENABLE_OBJC_ARC = YES;
				CLANG_ENABLE_OBJC_WEAK = YES;
				CLANG_WARN_BLOCK_CAPTURE_AUTORELEASING = YES;
				CLANG_WARN_BOOL_CONVERSION = YES;
				CLANG_WARN_COMMA = YES;
				CLANG_WARN_CONSTANT_CONVERSION = YES;
				CLANG_WARN_DEPRECATED_OBJC_IMPLEMENTATIONS = YES;
				CLANG_WARN_DIRECT_OBJC_ISA_USAGE = YES_ERROR;
				CLANG_WARN_DOCUMENTATION_COMMENTS = YES;
				CLANG_WARN_EMPTY_BODY = YES;
				CLANG_WARN_ENUM_CONVERSION = YES;
				CLANG_WARN_INFINITE_RECURSION = YES;
				CLANG_WARN_INT_CONVERSION = YES;
				CLANG_WARN_NON_LITERAL_NULL_CONVERSION = YES;
				CLANG_WARN_OBJC_IMPLICIT_RETAIN_SELF = YES;
				CLANG_WARN_OBJC_LITERAL_CONVERSION = YES;
				CLANG_WARN_OBJC_ROOT_CLASS = YES_ERROR;
				CLANG_WARN_QUOTED_INCLUDE_IN_FRAMEWORK_HEADER = YES;
				CLANG_WARN_RANGE_LOOP_ANALYSIS = YES;
				CLANG_WARN_STRICT_PROTOTYPES = YES;
				CLANG_WARN_SUSPICIOUS_MOVE = YES;
				CLANG_WARN_UNGUARDED_AVAILABILITY = YES_AGGRESSIVE;
				CLANG_WARN_UNREACHABLE_CODE = YES;
				CLANG_WARN__DUPLICATE_METHOD_MATCH = YES;
				COPY_PHASE_STRIP = NO;
				DEBUG_INFORMATION_FORMAT = dwarf;
				ENABLE_STRICT_OBJC_MSGSEND = YES;
				ENABLE_TESTABILITY = YES;
				ENABLE_USER_SCRIPT_SANDBOXING = YES;
				GCC_C_LANGUAGE_STANDARD = gnu17;
				GCC_DYNAMIC_NO_PIC = NO;
				GCC_NO_COMMON_BLOCKS = YES;
				GCC_OPTIMIZATION_LEVEL = 0;
				GCC_PREPROCESSOR_DEFINITIONS = (
					"DEBUG=1",
					"$(inherited)",
				);
				GCC_WARN_64_TO_32_BIT_CONVERSION = YES;
				GCC_WARN_ABOUT_RETURN_TYPE = YES_ERROR;
				GCC_WARN_UNDECLARED_SELECTOR = YES;
				GCC_WARN_UNINITIALIZED_AUTOS = YES_AGGRESSIVE;
				GCC_WARN_UNUSED_FUNCTION = YES;
				GCC_WARN_UNUSED_VARIABLE = YES;
				LOCALIZATION_PREFERS_STRING_CATALOGS = YES;
				MACOSX_DEPLOYMENT_TARGET = 14.3;
				MTL_ENABLE_DEBUG_INFO = INCLUDE_SOURCE;
				MTL_FAST_MATH = YES;
				ONLY_ACTIVE_ARCH = YES;
				SDKROOT = macosx;
				SWIFT_ACTIVE_COMPILATION_CONDITIONS = "DEBUG $(inherited)";
				SWIFT_OPTIMIZATION_LEVEL = "-Onone";
			};
			name = Debug;
		};
		2BF6FAE32C979A47000CA31E /* Release */ = {
			isa = XCBuildConfiguration;
			buildSettings = {
				ALWAYS_SEARCH_USER_PATHS = NO;
				ASSETCATALOG_COMPILER_GENERATE_SWIFT_ASSET_SYMBOL_EXTENSIONS = YES;
				CLANG_ANALYZER_NONNULL = YES;
				CLANG_ANALYZER_NUMBER_OBJECT_CONVERSION = YES_AGGRESSIVE;
				CLANG_CXX_LANGUAGE_STANDARD = "gnu++20";
				CLANG_ENABLE_MODULES = YES;
				CLANG_ENABLE_OBJC_ARC = YES;
				CLANG_ENABLE_OBJC_WEAK = YES;
				CLANG_WARN_BLOCK_CAPTURE_AUTORELEASING = YES;
				CLANG_WARN_BOOL_CONVERSION = YES;
				CLANG_WARN_COMMA = YES;
				CLANG_WARN_CONSTANT_CONVERSION = YES;
				CLANG_WARN_DEPRECATED_OBJC_IMPLEMENTATIONS = YES;
				CLANG_WARN_DIRECT_OBJC_ISA_USAGE = YES_ERROR;
				CLANG_WARN_DOCUMENTATION_COMMENTS = YES;
				CLANG_WARN_EMPTY_BODY = YES;
				CLANG_WARN_ENUM_CONVERSION = YES;
				CLANG_WARN_INFINITE_RECURSION = YES;
				CLANG_WARN_INT_CONVERSION = YES;
				CLANG_WARN_NON_LITERAL_NULL_CONVERSION = YES;
				CLANG_WARN_OBJC_IMPLICIT_RETAIN_SELF = YES;
				CLANG_WARN_OBJC_LITERAL_CONVERSION = YES;
				CLANG_WARN_OBJC_ROOT_CLASS = YES_ERROR;
				CLANG_WARN_QUOTED_INCLUDE_IN_FRAMEWORK_HEADER = YES;
				CLANG_WARN_RANGE_LOOP_ANALYSIS = YES;
				CLANG_WARN_STRICT_PROTOTYPES = YES;
				CLANG_WARN_SUSPICIOUS_MOVE = YES;
				CLANG_WARN_UNGUARDED_AVAILABILITY = YES_AGGRESSIVE;
				CLANG_WARN_UNREACHABLE_CODE = YES;
				CLANG_WARN__DUPLICATE_METHOD_MATCH = YES;
				COPY_PHASE_STRIP = NO;
				DEBUG_INFORMATION_FORMAT = "dwarf-with-dsym";
				ENABLE_NS_ASSERTIONS = NO;
				ENABLE_STRICT_OBJC_MSGSEND = YES;
				ENABLE_USER_SCRIPT_SANDBOXING = YES;
				GCC_C_LANGUAGE_STANDARD = gnu17;
				GCC_NO_COMMON_BLOCKS = YES;
				GCC_WARN_64_TO_32_BIT_CONVERSION = YES;
				GCC_WARN_ABOUT_RETURN_TYPE = YES_ERROR;
				GCC_WARN_UNDECLARED_SELECTOR = YES;
				GCC_WARN_UNINITIALIZED_AUTOS = YES_AGGRESSIVE;
				GCC_WARN_UNUSED_FUNCTION = YES;
				GCC_WARN_UNUSED_VARIABLE = YES;
				LOCALIZATION_PREFERS_STRING_CATALOGS = YES;
				MACOSX_DEPLOYMENT_TARGET = 14.3;
				MTL_ENABLE_DEBUG_INFO = NO;
				MTL_FAST_MATH = YES;
				SDKROOT = macosx;
				SWIFT_COMPILATION_MODE = wholemodule;
			};
			name = Release;
		};
		2BF6FAE52C979A47000CA31E /* Debug */ = {
			isa = XCBuildConfiguration;
			buildSettings = {
				CODE_SIGN_STYLE = Automatic;
				PRODUCT_NAME = "$(TARGET_NAME)";
				SWIFT_VERSION = 5.0;
			};
			name = Debug;
		};
		2BF6FAE62C979A47000CA31E /* Release */ = {
			isa = XCBuildConfiguration;
			buildSettings = {
				CODE_SIGN_STYLE = Automatic;
				PRODUCT_NAME = "$(TARGET_NAME)";
				SWIFT_VERSION = 5.0;
			};
			name = Release;
		};
/* End XCBuildConfiguration section */

/* Begin XCConfigurationList section */
		2BF6FAD82C979A47000CA31E /* Build configuration list for PBXProject "Group04_Gym" */ = {
			isa = XCConfigurationList;
			buildConfigurations = (
				2BF6FAE22C979A47000CA31E /* Debug */,
				2BF6FAE32C979A47000CA31E /* Release */,
			);
			defaultConfigurationIsVisible = 0;
			defaultConfigurationName = Release;
		};
		2BF6FAE42C979A47000CA31E /* Build configuration list for PBXNativeTarget "Group04_Gym" */ = {
			isa = XCConfigurationList;
			buildConfigurations = (
				2BF6FAE52C979A47000CA31E /* Debug */,
				2BF6FAE62C979A47000CA31E /* Release */,
			);
			defaultConfigurationIsVisible = 0;
			defaultConfigurationName = Release;
		};
/* End XCConfigurationList section */
	};
	rootObject = 2BF6FAD52C979A47000CA31E /* Project object */;
}
